{
  "name": "Python",
  "lockfileVersion": 2,
  "requires": true,
  "packages": {
    "": {
      "dependencies": {
        "@axe-devtools/cli": "^4.4.3"
      }
    },
    "node_modules/@axe-devtools/cli": {
      "version": "4.4.3",
      "resolved": "https://agora.dequecloud.com:443/artifactory/api/npm/devtools-npm/@axe-devtools/cli/-/@axe-devtools/cli-4.4.3.tgz",
      "integrity": "sha512-ZhDLe0V2ANBFb/UfPlm04hZI5RRGWsFnS24ySEoTD4aIg0C6vGIazMxB3FFE/YAGvGI75nqAKcQ08zDgnYAwiQ==",
      "hasInstallScript": true,
      "license": "UNLICENSED",
      "bin": {
        "axe": "cli.js"
      }
    }
  },
  "dependencies": {
    "@axe-devtools/cli": {
      "version": "4.4.3",
      "resolved": "https://agora.dequecloud.com:443/artifactory/api/npm/devtools-npm/@axe-devtools/cli/-/@axe-devtools/cli-4.4.3.tgz",
      "integrity": "sha512-ZhDLe0V2ANBFb/UfPlm04hZI5RRGWsFnS24ySEoTD4aIg0C6vGIazMxB3FFE/YAGvGI75nqAKcQ08zDgnYAwiQ=="
    }
  }
}
