{
  "name": "Python",
  "lockfileVersion": 2,
  "requires": true,
  "packages": {
    "": {
      "dependencies": {
        "@axe-devtools/cli": "^4.4.6"
      }
    },
    "node_modules/@axe-devtools/cli": {
      "version": "4.4.6",
      "resolved": "https://agora.dequecloud.com:443/artifactory/api/npm/devtools-npm/@axe-devtools/cli/-/@axe-devtools/cli-4.4.6.tgz",
      "integrity": "sha512-GVVXNZNzBsGDSCtgf8kB+CMHEBIE8dBZPmwAb1s2WG6MEi86ikeXmRAeCfzcEIqBX1sZZ3FqrBeppMlZbSlzvw==",
      "hasInstallScript": true,
      "license": "UNLICENSED",
      "bin": {
        "axe": "cli.js"
      }
    }
  },
  "dependencies": {
    "@axe-devtools/cli": {
      "version": "4.4.6",
      "resolved": "https://agora.dequecloud.com:443/artifactory/api/npm/devtools-npm/@axe-devtools/cli/-/@axe-devtools/cli-4.4.6.tgz",
      "integrity": "sha512-GVVXNZNzBsGDSCtgf8kB+CMHEBIE8dBZPmwAb1s2WG6MEi86ikeXmRAeCfzcEIqBX1sZZ3FqrBeppMlZbSlzvw=="
    }
  }
}
